
Microsoft Visual Studio Solution File, Format Version 11.00
# Visual Studio 2010
Project("{FAE04EC0-301F-11D3-BF4B-00C04F79EFBC}") = "Assembly-CSharp", "Assembly-CSharp.csproj", "{03C8B26C-AB61-FDC5-83A2-6BB7A5A88FE5}"
EndProject
Project("{FAE04EC0-301F-11D3-BF4B-00C04F79EFBC}") = "SteamVR", "SteamVR.csproj", "{25A97E1E-ED97-28BC-4FAB-B613035EA744}"
EndProject
Project("{FAE04EC0-301F-11D3-BF4B-00C04F79EFBC}") = "Narupa.Core", "Narupa.Core.csproj", "{B7BF4DC3-0957-24FD-8A55-BC673C5B10FD}"
EndProject
Project("{FAE04EC0-301F-11D3-BF4B-00C04F79EFBC}") = "Narupa.Visualisation", "Narupa.Visualisation.csproj", "{B5B631A2-CE48-8EE5-6BC5-902236429849}"
EndProject
Project("{FAE04EC0-301F-11D3-BF4B-00C04F79EFBC}") = "Narupa.Frame", "Narupa.Frame.csproj", "{BA4555D6-7B5F-DC1F-813B-0A0353F896F4}"
EndProject
Project("{FAE04EC0-301F-11D3-BF4B-00C04F79EFBC}") = "Narupa.Frontend", "Narupa.Frontend.csproj", "{4B56D58F-411F-1ED6-E06E-DAEBC0E013D3}"
EndProject
Project("{FAE04EC0-301F-11D3-BF4B-00C04F79EFBC}") = "NarupaXR", "NarupaXR.csproj", "{096C799B-25F6-0C38-7DE8-1A1D3D12724C}"
EndProject
Project("{FAE04EC0-301F-11D3-BF4B-00C04F79EFBC}") = "Narupa.Grpc", "Narupa.Grpc.csproj", "{181E4109-09BD-B9D9-D566-11550F0BEFE1}"
EndProject
Project("{FAE04EC0-301F-11D3-BF4B-00C04F79EFBC}") = "SteamVR_Actions", "SteamVR_Actions.csproj", "{5A9A2C15-6ACD-C332-59DD-74828E9DAAA0}"
EndProject
Project("{FAE04EC0-301F-11D3-BF4B-00C04F79EFBC}") = "Narupa.Frame.Tests", "Narupa.Frame.Tests.csproj", "{7C7E7C15-EE18-5A5F-0922-7B246653B6C2}"
EndProject
Project("{FAE04EC0-301F-11D3-BF4B-00C04F79EFBC}") = "SteamVR_Editor", "SteamVR_Editor.csproj", "{52934A39-46C4-361E-241A-57B428D6D286}"
EndProject
Project("{FAE04EC0-301F-11D3-BF4B-00C04F79EFBC}") = "Narupa.Visualisation.Tests", "Narupa.Visualisation.Tests.csproj", "{2ECB67DB-34B2-896C-4549-E626266BC428}"
EndProject
Project("{FAE04EC0-301F-11D3-BF4B-00C04F79EFBC}") = "Narupa.Grpc.Tests", "Narupa.Grpc.Tests.csproj", "{BC103C29-AD97-E613-3607-6E9150A36224}"
EndProject
Project("{FAE04EC0-301F-11D3-BF4B-00C04F79EFBC}") = "SteamVR_Input_Editor", "SteamVR_Input_Editor.csproj", "{8868EDC4-63B9-6DB2-C659-41AEA3497FD6}"
EndProject
Project("{FAE04EC0-301F-11D3-BF4B-00C04F79EFBC}") = "Narupa.Visualisation.Editor", "Narupa.Visualisation.Editor.csproj", "{BC2A5D65-43C6-7888-D645-8200CA247444}"
EndProject
Project("{FAE04EC0-301F-11D3-BF4B-00C04F79EFBC}") = "Narupa.Frontend.Tests", "Narupa.Frontend.Tests.csproj", "{B2356DDD-6EBE-D428-D6DF-3D207CAB3862}"
EndProject
Project("{FAE04EC0-301F-11D3-BF4B-00C04F79EFBC}") = "Narupa.Testing", "Narupa.Testing.csproj", "{DB04E284-8CFC-C1F4-D08B-B429C8BCD136}"
EndProject
Project("{FAE04EC0-301F-11D3-BF4B-00C04F79EFBC}") = "Narupa.Core.Editor", "Narupa.Core.Editor.csproj", "{1BB18E5D-1277-C659-E864-9D2E83F854E0}"
EndProject
Project("{FAE04EC0-301F-11D3-BF4B-00C04F79EFBC}") = "NarupaIMD.Editor", "NarupaIMD.Editor.csproj", "{67AB1A11-9390-DBC8-64C6-95F9F803C8C4}"
EndProject
Project("{FAE04EC0-301F-11D3-BF4B-00C04F79EFBC}") = "NarupaIMD.Tests", "NarupaIMD.Tests.csproj", "{93CFC97F-E7B8-163B-A45B-050368908FC7}"
EndProject
Project("{FAE04EC0-301F-11D3-BF4B-00C04F79EFBC}") = "Narupa.Core.Tests", "Narupa.Core.Tests.csproj", "{8EE9A38C-13F4-CDF3-70BB-51D6D8E77D0D}"
EndProject
Project("{FAE04EC0-301F-11D3-BF4B-00C04F79EFBC}") = "SteamVR_Windows_EditorHelper", "SteamVR_Windows_EditorHelper.csproj", "{F1B1D6A7-A5C7-9D38-5165-BBC3535E3E50}"
EndProject
Global
	GlobalSection(SolutionConfigurationPlatforms) = preSolution
		Debug|Any CPU = Debug|Any CPU
		Release|Any CPU = Release|Any CPU
	EndGlobalSection
	GlobalSection(ProjectConfigurationPlatforms) = postSolution
		{03C8B26C-AB61-FDC5-83A2-6BB7A5A88FE5}.Debug|Any CPU.ActiveCfg = Debug|Any CPU
		{03C8B26C-AB61-FDC5-83A2-6BB7A5A88FE5}.Debug|Any CPU.Build.0 = Debug|Any CPU
		{03C8B26C-AB61-FDC5-83A2-6BB7A5A88FE5}.Release|Any CPU.ActiveCfg = Release|Any CPU
		{03C8B26C-AB61-FDC5-83A2-6BB7A5A88FE5}.Release|Any CPU.Build.0 = Release|Any CPU
		{25A97E1E-ED97-28BC-4FAB-B613035EA744}.Debug|Any CPU.ActiveCfg = Debug|Any CPU
		{25A97E1E-ED97-28BC-4FAB-B613035EA744}.Debug|Any CPU.Build.0 = Debug|Any CPU
		{25A97E1E-ED97-28BC-4FAB-B613035EA744}.Release|Any CPU.ActiveCfg = Release|Any CPU
		{25A97E1E-ED97-28BC-4FAB-B613035EA744}.Release|Any CPU.Build.0 = Release|Any CPU
		{B7BF4DC3-0957-24FD-8A55-BC673C5B10FD}.Debug|Any CPU.ActiveCfg = Debug|Any CPU
		{B7BF4DC3-0957-24FD-8A55-BC673C5B10FD}.Debug|Any CPU.Build.0 = Debug|Any CPU
		{B7BF4DC3-0957-24FD-8A55-BC673C5B10FD}.Release|Any CPU.ActiveCfg = Release|Any CPU
		{B7BF4DC3-0957-24FD-8A55-BC673C5B10FD}.Release|Any CPU.Build.0 = Release|Any CPU
		{B5B631A2-CE48-8EE5-6BC5-902236429849}.Debug|Any CPU.ActiveCfg = Debug|Any CPU
		{B5B631A2-CE48-8EE5-6BC5-902236429849}.Debug|Any CPU.Build.0 = Debug|Any CPU
		{B5B631A2-CE48-8EE5-6BC5-902236429849}.Release|Any CPU.ActiveCfg = Release|Any CPU
		{B5B631A2-CE48-8EE5-6BC5-902236429849}.Release|Any CPU.Build.0 = Release|Any CPU
		{BA4555D6-7B5F-DC1F-813B-0A0353F896F4}.Debug|Any CPU.ActiveCfg = Debug|Any CPU
		{BA4555D6-7B5F-DC1F-813B-0A0353F896F4}.Debug|Any CPU.Build.0 = Debug|Any CPU
		{BA4555D6-7B5F-DC1F-813B-0A0353F896F4}.Release|Any CPU.ActiveCfg = Release|Any CPU
		{BA4555D6-7B5F-DC1F-813B-0A0353F896F4}.Release|Any CPU.Build.0 = Release|Any CPU
		{4B56D58F-411F-1ED6-E06E-DAEBC0E013D3}.Debug|Any CPU.ActiveCfg = Debug|Any CPU
		{4B56D58F-411F-1ED6-E06E-DAEBC0E013D3}.Debug|Any CPU.Build.0 = Debug|Any CPU
		{4B56D58F-411F-1ED6-E06E-DAEBC0E013D3}.Release|Any CPU.ActiveCfg = Release|Any CPU
		{4B56D58F-411F-1ED6-E06E-DAEBC0E013D3}.Release|Any CPU.Build.0 = Release|Any CPU
		{096C799B-25F6-0C38-7DE8-1A1D3D12724C}.Debug|Any CPU.ActiveCfg = Debug|Any CPU
		{096C799B-25F6-0C38-7DE8-1A1D3D12724C}.Debug|Any CPU.Build.0 = Debug|Any CPU
		{096C799B-25F6-0C38-7DE8-1A1D3D12724C}.Release|Any CPU.ActiveCfg = Release|Any CPU
		{096C799B-25F6-0C38-7DE8-1A1D3D12724C}.Release|Any CPU.Build.0 = Release|Any CPU
		{181E4109-09BD-B9D9-D566-11550F0BEFE1}.Debug|Any CPU.ActiveCfg = Debug|Any CPU
		{181E4109-09BD-B9D9-D566-11550F0BEFE1}.Debug|Any CPU.Build.0 = Debug|Any CPU
		{181E4109-09BD-B9D9-D566-11550F0BEFE1}.Release|Any CPU.ActiveCfg = Release|Any CPU
		{181E4109-09BD-B9D9-D566-11550F0BEFE1}.Release|Any CPU.Build.0 = Release|Any CPU
		{5A9A2C15-6ACD-C332-59DD-74828E9DAAA0}.Debug|Any CPU.ActiveCfg = Debug|Any CPU
		{5A9A2C15-6ACD-C332-59DD-74828E9DAAA0}.Debug|Any CPU.Build.0 = Debug|Any CPU
		{5A9A2C15-6ACD-C332-59DD-74828E9DAAA0}.Release|Any CPU.ActiveCfg = Release|Any CPU
		{5A9A2C15-6ACD-C332-59DD-74828E9DAAA0}.Release|Any CPU.Build.0 = Release|Any CPU
		{7C7E7C15-EE18-5A5F-0922-7B246653B6C2}.Debug|Any CPU.ActiveCfg = Debug|Any CPU
		{7C7E7C15-EE18-5A5F-0922-7B246653B6C2}.Debug|Any CPU.Build.0 = Debug|Any CPU
		{7C7E7C15-EE18-5A5F-0922-7B246653B6C2}.Release|Any CPU.ActiveCfg = Release|Any CPU
		{7C7E7C15-EE18-5A5F-0922-7B246653B6C2}.Release|Any CPU.Build.0 = Release|Any CPU
		{52934A39-46C4-361E-241A-57B428D6D286}.Debug|Any CPU.ActiveCfg = Debug|Any CPU
		{52934A39-46C4-361E-241A-57B428D6D286}.Debug|Any CPU.Build.0 = Debug|Any CPU
		{52934A39-46C4-361E-241A-57B428D6D286}.Release|Any CPU.ActiveCfg = Release|Any CPU
		{52934A39-46C4-361E-241A-57B428D6D286}.Release|Any CPU.Build.0 = Release|Any CPU
		{2ECB67DB-34B2-896C-4549-E626266BC428}.Debug|Any CPU.ActiveCfg = Debug|Any CPU
		{2ECB67DB-34B2-896C-4549-E626266BC428}.Debug|Any CPU.Build.0 = Debug|Any CPU
		{2ECB67DB-34B2-896C-4549-E626266BC428}.Release|Any CPU.ActiveCfg = Release|Any CPU
		{2ECB67DB-34B2-896C-4549-E626266BC428}.Release|Any CPU.Build.0 = Release|Any CPU
		{BC103C29-AD97-E613-3607-6E9150A36224}.Debug|Any CPU.ActiveCfg = Debug|Any CPU
		{BC103C29-AD97-E613-3607-6E9150A36224}.Debug|Any CPU.Build.0 = Debug|Any CPU
		{BC103C29-AD97-E613-3607-6E9150A36224}.Release|Any CPU.ActiveCfg = Release|Any CPU
		{BC103C29-AD97-E613-3607-6E9150A36224}.Release|Any CPU.Build.0 = Release|Any CPU
		{8868EDC4-63B9-6DB2-C659-41AEA3497FD6}.Debug|Any CPU.ActiveCfg = Debug|Any CPU
		{8868EDC4-63B9-6DB2-C659-41AEA3497FD6}.Debug|Any CPU.Build.0 = Debug|Any CPU
		{8868EDC4-63B9-6DB2-C659-41AEA3497FD6}.Release|Any CPU.ActiveCfg = Release|Any CPU
		{8868EDC4-63B9-6DB2-C659-41AEA3497FD6}.Release|Any CPU.Build.0 = Release|Any CPU
		{BC2A5D65-43C6-7888-D645-8200CA247444}.Debug|Any CPU.ActiveCfg = Debug|Any CPU
		{BC2A5D65-43C6-7888-D645-8200CA247444}.Debug|Any CPU.Build.0 = Debug|Any CPU
		{BC2A5D65-43C6-7888-D645-8200CA247444}.Release|Any CPU.ActiveCfg = Release|Any CPU
		{BC2A5D65-43C6-7888-D645-8200CA247444}.Release|Any CPU.Build.0 = Release|Any CPU
		{B2356DDD-6EBE-D428-D6DF-3D207CAB3862}.Debug|Any CPU.ActiveCfg = Debug|Any CPU
		{B2356DDD-6EBE-D428-D6DF-3D207CAB3862}.Debug|Any CPU.Build.0 = Debug|Any CPU
		{B2356DDD-6EBE-D428-D6DF-3D207CAB3862}.Release|Any CPU.ActiveCfg = Release|Any CPU
		{B2356DDD-6EBE-D428-D6DF-3D207CAB3862}.Release|Any CPU.Build.0 = Release|Any CPU
		{DB04E284-8CFC-C1F4-D08B-B429C8BCD136}.Debug|Any CPU.ActiveCfg = Debug|Any CPU
		{DB04E284-8CFC-C1F4-D08B-B429C8BCD136}.Debug|Any CPU.Build.0 = Debug|Any CPU
		{DB04E284-8CFC-C1F4-D08B-B429C8BCD136}.Release|Any CPU.ActiveCfg = Release|Any CPU
		{DB04E284-8CFC-C1F4-D08B-B429C8BCD136}.Release|Any CPU.Build.0 = Release|Any CPU
		{1BB18E5D-1277-C659-E864-9D2E83F854E0}.Debug|Any CPU.ActiveCfg = Debug|Any CPU
		{1BB18E5D-1277-C659-E864-9D2E83F854E0}.Debug|Any CPU.Build.0 = Debug|Any CPU
		{1BB18E5D-1277-C659-E864-9D2E83F854E0}.Release|Any CPU.ActiveCfg = Release|Any CPU
		{1BB18E5D-1277-C659-E864-9D2E83F854E0}.Release|Any CPU.Build.0 = Release|Any CPU
		{67AB1A11-9390-DBC8-64C6-95F9F803C8C4}.Debug|Any CPU.ActiveCfg = Debug|Any CPU
		{67AB1A11-9390-DBC8-64C6-95F9F803C8C4}.Debug|Any CPU.Build.0 = Debug|Any CPU
		{67AB1A11-9390-DBC8-64C6-95F9F803C8C4}.Release|Any CPU.ActiveCfg = Release|Any CPU
		{67AB1A11-9390-DBC8-64C6-95F9F803C8C4}.Release|Any CPU.Build.0 = Release|Any CPU
		{93CFC97F-E7B8-163B-A45B-050368908FC7}.Debug|Any CPU.ActiveCfg = Debug|Any CPU
		{93CFC97F-E7B8-163B-A45B-050368908FC7}.Debug|Any CPU.Build.0 = Debug|Any CPU
		{93CFC97F-E7B8-163B-A45B-050368908FC7}.Release|Any CPU.ActiveCfg = Release|Any CPU
		{93CFC97F-E7B8-163B-A45B-050368908FC7}.Release|Any CPU.Build.0 = Release|Any CPU
		{8EE9A38C-13F4-CDF3-70BB-51D6D8E77D0D}.Debug|Any CPU.ActiveCfg = Debug|Any CPU
		{8EE9A38C-13F4-CDF3-70BB-51D6D8E77D0D}.Debug|Any CPU.Build.0 = Debug|Any CPU
		{8EE9A38C-13F4-CDF3-70BB-51D6D8E77D0D}.Release|Any CPU.ActiveCfg = Release|Any CPU
		{8EE9A38C-13F4-CDF3-70BB-51D6D8E77D0D}.Release|Any CPU.Build.0 = Release|Any CPU
		{F1B1D6A7-A5C7-9D38-5165-BBC3535E3E50}.Debug|Any CPU.ActiveCfg = Debug|Any CPU
		{F1B1D6A7-A5C7-9D38-5165-BBC3535E3E50}.Debug|Any CPU.Build.0 = Debug|Any CPU
		{F1B1D6A7-A5C7-9D38-5165-BBC3535E3E50}.Release|Any CPU.ActiveCfg = Release|Any CPU
		{F1B1D6A7-A5C7-9D38-5165-BBC3535E3E50}.Release|Any CPU.Build.0 = Release|Any CPU
	EndGlobalSection
	GlobalSection(SolutionProperties) = preSolution
		HideSolutionNode = FALSE
	EndGlobalSection
EndGlobal
